Microsoft Visual Studio Solution File, Format Version 12.00
# Visual Studio 2012
Project("{FAE04EC0-301F-11D3-BF4B-00C04F79EFBC}") = "TrustMeImAnEngineer", "TrustMeImAnEngineer.csproj", "{99A2FA30-D85B-44E0-B52E-699A4B9D7485}"
EndProject
Global
	GlobalSection(SolutionConfigurationPlatforms) = preSolution
	Debug|Any CPU = Debug|Any CPU
	ExportDebug|Any CPU = ExportDebug|Any CPU
	ExportRelease|Any CPU = ExportRelease|Any CPU
	EndGlobalSection
	GlobalSection(ProjectConfigurationPlatforms) = postSolution
		{99A2FA30-D85B-44E0-B52E-699A4B9D7485}.Debug|Any CPU.ActiveCfg = Debug|Any CPU
		{99A2FA30-D85B-44E0-B52E-699A4B9D7485}.Debug|Any CPU.Build.0 = Debug|Any CPU
		{99A2FA30-D85B-44E0-B52E-699A4B9D7485}.ExportDebug|Any CPU.ActiveCfg = ExportDebug|Any CPU
		{99A2FA30-D85B-44E0-B52E-699A4B9D7485}.ExportDebug|Any CPU.Build.0 = ExportDebug|Any CPU
		{99A2FA30-D85B-44E0-B52E-699A4B9D7485}.ExportRelease|Any CPU.ActiveCfg = ExportRelease|Any CPU
		{99A2FA30-D85B-44E0-B52E-699A4B9D7485}.ExportRelease|Any CPU.Build.0 = ExportRelease|Any CPU
	EndGlobalSection
EndGlobal
